// !$*UTF8*$!
{
	archiveVersion = 1;
	classes = {
	};
	objectVersion = 77;
	objects = {

/* Begin PBXBuildFile section */
		5573FB642DB03B0800789507 /* ContactsService.swift in Sources */ = {isa = PBXBuildFile; fileRef = 5573FB582DB03B0800789507 /* ContactsService.swift */; };
		5573FB652DB03B0800789507 /* Router.swift in Sources */ = {isa = PBXBuildFile; fileRef = 5573FB592DB03B0800789507 /* Router.swift */; };
		5573FB662DB03B0800789507 /* ContactsApp.xcdatamodeld in Sources */ = {isa = PBXBuildFile; fileRef = 5573FB5E2DB03B0800789507 /* ContactsApp.xcdatamodeld */; };
		5573FB672DB03B0800789507 /* ContactsAppApp.swift in Sources */ = {isa = PBXBuildFile; fileRef = 5573FB5F2DB03B0800789507 /* ContactsAppApp.swift */; };
		5573FB682DB03B0800789507 /* ContentView.swift in Sources */ = {isa = PBXBuildFile; fileRef = 5573FB602DB03B0800789507 /* ContentView.swift */; };
		5573FB692DB03B0800789507 /* Persistence.swift in Sources */ = {isa = PBXBuildFile; fileRef = 5573FB612DB03B0800789507 /* Persistence.swift */; };
		5573FB6A2DB03B0800789507 /* Preview Assets.xcassets in Resources */ = {isa = PBXBuildFile; fileRef = 5573FB5B2DB03B0800789507 /* Preview Assets.xcassets */; };
		5573FB6B2DB03B0800789507 /* Assets.xcassets in Resources */ = {isa = PBXBuildFile; fileRef = 5573FB5D2DB03B0800789507 /* Assets.xcassets */; };
		5573FB6D2DB03B2000789507 /* Contact.swift in Sources */ = {isa = PBXBuildFile; fileRef = 5573FB6C2DB03B2000789507 /* Contact.swift */; };
		5573FB702DB03B3500789507 /* Address.swift in Sources */ = {isa = PBXBuildFile; fileRef = 5573FB6F2DB03B3500789507 /* Address.swift */; };
		5573FB722DB03B3E00789507 /* Company.swift in Sources */ = {isa = PBXBuildFile; fileRef = 5573FB712DB03B3E00789507 /* Company.swift */; };
		5573FB892DB040DA00789507 /* ContactsView.swift in Sources */ = {isa = PBXBuildFile; fileRef = 5573FB882DB040DA00789507 /* ContactsView.swift */; };
		5573FB8B2DB0412900789507 /* ContactsViewModel.swift in Sources */ = {isa = PBXBuildFile; fileRef = 5573FB8A2DB0412900789507 /* ContactsViewModel.swift */; };
		5573FB8D2DB0416000789507 /* ContactCardView.swift in Sources */ = {isa = PBXBuildFile; fileRef = 5573FB8C2DB0415F00789507 /* ContactCardView.swift */; };
		55FF595C2DB0372A00E59F39 /* Kingfisher in Frameworks */ = {isa = PBXBuildFile; productRef = 55FF595B2DB0372A00E59F39 /* Kingfisher */; };
		55FF595F2DB0377E00E59F39 /* Alamofire in Frameworks */ = {isa = PBXBuildFile; productRef = 55FF595E2DB0377E00E59F39 /* Alamofire */; };
/* End PBXBuildFile section */

/* Begin PBXFileReference section */
		5573FB582DB03B0800789507 /* ContactsService.swift */ = {isa = PBXFileReference; lastKnownFileType = sourcecode.swift; path = ContactsService.swift; sourceTree = "<group>"; };
		5573FB592DB03B0800789507 /* Router.swift */ = {isa = PBXFileReference; lastKnownFileType = sourcecode.swift; path = Router.swift; sourceTree = "<group>"; };
		5573FB5B2DB03B0800789507 /* Preview Assets.xcassets */ = {isa = PBXFileReference; lastKnownFileType = folder.assetcatalog; path = "Preview Assets.xcassets"; sourceTree = "<group>"; };
		5573FB5D2DB03B0800789507 /* Assets.xcassets */ = {isa = PBXFileReference; lastKnownFileType = folder.assetcatalog; path = Assets.xcassets; sourceTree = "<group>"; };
		5573FB5F2DB03B0800789507 /* ContactsAppApp.swift */ = {isa = PBXFileReference; lastKnownFileType = sourcecode.swift; path = ContactsAppApp.swift; sourceTree = "<group>"; };
		5573FB602DB03B0800789507 /* ContentView.swift */ = {isa = PBXFileReference; lastKnownFileType = sourcecode.swift; path = ContentView.swift; sourceTree = "<group>"; };
		5573FB612DB03B0800789507 /* Persistence.swift */ = {isa = PBXFileReference; lastKnownFileType = sourcecode.swift; path = Persistence.swift; sourceTree = "<group>"; };
		5573FB632DB03B0800789507 /* ContactsApp.xcdatamodel */ = {isa = PBXFileReference; lastKnownFileType = wrapper.xcdatamodel; path = ContactsApp.xcdatamodel; sourceTree = "<group>"; };
		5573FB6C2DB03B2000789507 /* Contact.swift */ = {isa = PBXFileReference; lastKnownFileType = sourcecode.swift; path = Contact.swift; sourceTree = "<group>"; };
		5573FB6F2DB03B3500789507 /* Address.swift */ = {isa = PBXFileReference; lastKnownFileType = sourcecode.swift; path = Address.swift; sourceTree = "<group>"; };
		5573FB712DB03B3E00789507 /* Company.swift */ = {isa = PBXFileReference; lastKnownFileType = sourcecode.swift; path = Company.swift; sourceTree = "<group>"; };
		5573FB882DB040DA00789507 /* ContactsView.swift */ = {isa = PBXFileReference; lastKnownFileType = sourcecode.swift; path = ContactsView.swift; sourceTree = "<group>"; };
		5573FB8A2DB0412900789507 /* ContactsViewModel.swift */ = {isa = PBXFileReference; lastKnownFileType = sourcecode.swift; path = ContactsViewModel.swift; sourceTree = "<group>"; };
		5573FB8C2DB0415F00789507 /* ContactCardView.swift */ = {isa = PBXFileReference; lastKnownFileType = sourcecode.swift; path = ContactCardView.swift; sourceTree = "<group>"; };
		558D36D52DB02B4D00B8E8B7 /* ContactsApp.app */ = {isa = PBXFileReference; explicitFileType = wrapper.application; includeInIndex = 0; path = ContactsApp.app; sourceTree = BUILT_PRODUCTS_DIR; };
/* End PBXFileReference section */

/* Begin PBXFrameworksBuildPhase section */
		558D36D22DB02B4D00B8E8B7 /* Frameworks */ = {
			isa = PBXFrameworksBuildPhase;
			buildActionMask = 2147483647;
			files = (
				55FF595C2DB0372A00E59F39 /* Kingfisher in Frameworks */,
				55FF595F2DB0377E00E59F39 /* Alamofire in Frameworks */,
			);
			runOnlyForDeploymentPostprocessing = 0;
		};
/* End PBXFrameworksBuildPhase section */

/* Begin PBXGroup section */
		5573FB5A2DB03B0800789507 /* Networking */ = {
			isa = PBXGroup;
			children = (
				5573FB592DB03B0800789507 /* Router.swift */,
				5573FB582DB03B0800789507 /* ContactsService.swift */,
			);
			path = Networking;
			sourceTree = "<group>";
		};
		5573FB5C2DB03B0800789507 /* Preview Content */ = {
			isa = PBXGroup;
			children = (
				5573FB5B2DB03B0800789507 /* Preview Assets.xcassets */,
			);
			path = "Preview Content";
			sourceTree = "<group>";
		};
		5573FB622DB03B0800789507 /* ContactsApp */ = {
			isa = PBXGroup;
			children = (
				5573FB5A2DB03B0800789507 /* Networking */,
				5573FB6E2DB03B2800789507 /* Models */,
				5573FB5C2DB03B0800789507 /* Preview Content */,
				5573FB5D2DB03B0800789507 /* Assets.xcassets */,
				5573FB5E2DB03B0800789507 /* ContactsApp.xcdatamodeld */,
				5573FB5F2DB03B0800789507 /* ContactsAppApp.swift */,
				5573FB602DB03B0800789507 /* ContentView.swift */,
				5573FB882DB040DA00789507 /* ContactsView.swift */,
				5573FB8A2DB0412900789507 /* ContactsViewModel.swift */,
				5573FB8C2DB0415F00789507 /* ContactCardView.swift */,
				5573FB612DB03B0800789507 /* Persistence.swift */,
			);
			path = ContactsApp;
			sourceTree = "<group>";
		};
		5573FB6E2DB03B2800789507 /* Models */ = {
			isa = PBXGroup;
			children = (
				5573FB6C2DB03B2000789507 /* Contact.swift */,
				5573FB712DB03B3E00789507 /* Company.swift */,
				5573FB6F2DB03B3500789507 /* Address.swift */,
			);
			path = Models;
			sourceTree = "<group>";
		};
		558D36CC2DB02B4D00B8E8B7 = {
			isa = PBXGroup;
			children = (
				5573FB622DB03B0800789507 /* ContactsApp */,
				558D36D62DB02B4D00B8E8B7 /* Products */,
			);
			sourceTree = "<group>";
		};
		558D36D62DB02B4D00B8E8B7 /* Products */ = {
			isa = PBXGroup;
			children = (
				558D36D52DB02B4D00B8E8B7 /* ContactsApp.app */,
			);
			name = Products;
			sourceTree = "<group>";
		};
/* End PBXGroup section */

/* Begin PBXNativeTarget section */
		558D36D42DB02B4D00B8E8B7 /* ContactsApp */ = {
			isa = PBXNativeTarget;
			buildConfigurationList = 558D36E82DB02B4E00B8E8B7 /* Build configuration list for PBXNativeTarget "ContactsApp" */;
			buildPhases = (
				558D36D12DB02B4D00B8E8B7 /* Sources */,
				558D36D22DB02B4D00B8E8B7 /* Frameworks */,
				558D36D32DB02B4D00B8E8B7 /* Resources */,
			);
			buildRules = (
			);
			dependencies = (
			);
			name = ContactsApp;
			packageProductDependencies = (
				55FF595B2DB0372A00E59F39 /* Kingfisher */,
				55FF595E2DB0377E00E59F39 /* Alamofire */,
			);
			productName = ContactsApp;
			productReference = 558D36D52DB02B4D00B8E8B7 /* ContactsApp.app */;
			productType = "com.apple.product-type.application";
		};
/* End PBXNativeTarget section */

/* Begin PBXProject section */
		558D36CD2DB02B4D00B8E8B7 /* Project object */ = {
			isa = PBXProject;
			attributes = {
				BuildIndependentTargetsInParallel = 1;
				LastSwiftUpdateCheck = 1610;
				LastUpgradeCheck = 1610;
				TargetAttributes = {
					558D36D42DB02B4D00B8E8B7 = {
						CreatedOnToolsVersion = 16.1;
					};
				};
			};
			buildConfigurationList = 558D36D02DB02B4D00B8E8B7 /* Build configuration list for PBXProject "ContactsApp" */;
			developmentRegion = en;
			hasScannedForEncodings = 0;
			knownRegions = (
				en,
				Base,
			);
			mainGroup = 558D36CC2DB02B4D00B8E8B7;
			minimizedProjectReferenceProxies = 1;
			packageReferences = (
				55FF595A2DB0372A00E59F39 /* XCRemoteSwiftPackageReference "Kingfisher" */,
				55FF595D2DB0377E00E59F39 /* XCRemoteSwiftPackageReference "Alamofire" */,
			);
			preferredProjectObjectVersion = 77;
			productRefGroup = 558D36D62DB02B4D00B8E8B7 /* Products */;
			projectDirPath = "";
			projectRoot = "";
			targets = (
				558D36D42DB02B4D00B8E8B7 /* ContactsApp */,
			);
		};
/* End PBXProject section */

/* Begin PBXResourcesBuildPhase section */
		558D36D32DB02B4D00B8E8B7 /* Resources */ = {
			isa = PBXResourcesBuildPhase;
			buildActionMask = 2147483647;
			files = (
				5573FB6A2DB03B0800789507 /* Preview Assets.xcassets in Resources */,
				5573FB6B2DB03B0800789507 /* Assets.xcassets in Resources */,
			);
			runOnlyForDeploymentPostprocessing = 0;
		};
/* End PBXResourcesBuildPhase section */

/* Begin PBXSourcesBuildPhase section */
		558D36D12DB02B4D00B8E8B7 /* Sources */ = {
			isa = PBXSourcesBuildPhase;
			buildActionMask = 2147483647;
			files = (
				5573FB642DB03B0800789507 /* ContactsService.swift in Sources */,
				5573FB652DB03B0800789507 /* Router.swift in Sources */,
				5573FB722DB03B3E00789507 /* Company.swift in Sources */,
				5573FB892DB040DA00789507 /* ContactsView.swift in Sources */,
				5573FB662DB03B0800789507 /* ContactsApp.xcdatamodeld in Sources */,
				5573FB672DB03B0800789507 /* ContactsAppApp.swift in Sources */,
				5573FB682DB03B0800789507 /* ContentView.swift in Sources */,
				5573FB692DB03B0800789507 /* Persistence.swift in Sources */,
				5573FB8B2DB0412900789507 /* ContactsViewModel.swift in Sources */,
				5573FB8D2DB0416000789507 /* ContactCardView.swift in Sources */,
				5573FB702DB03B3500789507 /* Address.swift in Sources */,
				5573FB6D2DB03B2000789507 /* Contact.swift in Sources */,
			);
			runOnlyForDeploymentPostprocessing = 0;
		};
/* End PBXSourcesBuildPhase section */

/* Begin XCBuildConfiguration section */
		558D36E62DB02B4E00B8E8B7 /* Debug */ = {
			isa = XCBuildConfiguration;
			buildSettings = {
				ALWAYS_SEARCH_USER_PATHS = NO;
				ASSETCATALOG_COMPILER_GENERATE_SWIFT_ASSET_SYMBOL_EXTENSIONS = YES;
				CLANG_ANALYZER_NONNULL = YES;
				CLANG_ANALYZER_NUMBER_OBJECT_CONVERSION = YES_AGGRESSIVE;
				CLANG_CXX_LANGUAGE_STANDARD = "gnu++20";
				CLANG_ENABLE_MODULES = YES;
				CLANG_ENABLE_OBJC_ARC = YES;
				CLANG_ENABLE_OBJC_WEAK = YES;
				CLANG_WARN_BLOCK_CAPTURE_AUTORELEASING = YES;
				CLANG_WARN_BOOL_CONVERSION = YES;
				CLANG_WARN_COMMA = YES;
				CLANG_WARN_CONSTANT_CONVERSION = YES;
				CLANG_WARN_DEPRECATED_OBJC_IMPLEMENTATIONS = YES;
				CLANG_WARN_DIRECT_OBJC_ISA_USAGE = YES_ERROR;
				CLANG_WARN_DOCUMENTATION_COMMENTS = YES;
				CLANG_WARN_EMPTY_BODY = YES;
				CLANG_WARN_ENUM_CONVERSION = YES;
				CLANG_WARN_INFINITE_RECURSION = YES;
				CLANG_WARN_INT_CONVERSION = YES;
				CLANG_WARN_NON_LITERAL_NULL_CONVERSION = YES;
				CLANG_WARN_OBJC_IMPLICIT_RETAIN_SELF = YES;
				CLANG_WARN_OBJC_LITERAL_CONVERSION = YES;
				CLANG_WARN_OBJC_ROOT_CLASS = YES_ERROR;
				CLANG_WARN_QUOTED_INCLUDE_IN_FRAMEWORK_HEADER = YES;
				CLANG_WARN_RANGE_LOOP_ANALYSIS = YES;
				CLANG_WARN_STRICT_PROTOTYPES = YES;
				CLANG_WARN_SUSPICIOUS_MOVE = YES;
				CLANG_WARN_UNGUARDED_AVAILABILITY = YES_AGGRESSIVE;
				CLANG_WARN_UNREACHABLE_CODE = YES;
				CLANG_WARN__DUPLICATE_METHOD_MATCH = YES;
				COPY_PHASE_STRIP = NO;
				DEBUG_INFORMATION_FORMAT = dwarf;
				ENABLE_STRICT_OBJC_MSGSEND = YES;
				ENABLE_TESTABILITY = YES;
				ENABLE_USER_SCRIPT_SANDBOXING = YES;
				GCC_C_LANGUAGE_STANDARD = gnu17;
				GCC_DYNAMIC_NO_PIC = NO;
				GCC_NO_COMMON_BLOCKS = YES;
				GCC_OPTIMIZATION_LEVEL = 0;
				GCC_PREPROCESSOR_DEFINITIONS = (
					"DEBUG=1",
					"$(inherited)",
				);
				GCC_WARN_64_TO_32_BIT_CONVERSION = YES;
				GCC_WARN_ABOUT_RETURN_TYPE = YES_ERROR;
				GCC_WARN_UNDECLARED_SELECTOR = YES;
				GCC_WARN_UNINITIALIZED_AUTOS = YES_AGGRESSIVE;
				GCC_WARN_UNUSED_FUNCTION = YES;
				GCC_WARN_UNUSED_VARIABLE = YES;
				IPHONEOS_DEPLOYMENT_TARGET = 18.1;
				LOCALIZATION_PREFERS_STRING_CATALOGS = YES;
				MTL_ENABLE_DEBUG_INFO = INCLUDE_SOURCE;
				MTL_FAST_MATH = YES;
				ONLY_ACTIVE_ARCH = YES;
				SDKROOT = iphoneos;
				SWIFT_ACTIVE_COMPILATION_CONDITIONS = "DEBUG $(inherited)";
				SWIFT_OPTIMIZATION_LEVEL = "-Onone";
			};
			name = Debug;
		};
		558D36E72DB02B4E00B8E8B7 /* Release */ = {
			isa = XCBuildConfiguration;
			buildSettings = {
				ALWAYS_SEARCH_USER_PATHS = NO;
				ASSETCATALOG_COMPILER_GENERATE_SWIFT_ASSET_SYMBOL_EXTENSIONS = YES;
				CLANG_ANALYZER_NONNULL = YES;
				CLANG_ANALYZER_NUMBER_OBJECT_CONVERSION = YES_AGGRESSIVE;
				CLANG_CXX_LANGUAGE_STANDARD = "gnu++20";
				CLANG_ENABLE_MODULES = YES;
				CLANG_ENABLE_OBJC_ARC = YES;
				CLANG_ENABLE_OBJC_WEAK = YES;
				CLANG_WARN_BLOCK_CAPTURE_AUTORELEASING = YES;
				CLANG_WARN_BOOL_CONVERSION = YES;
				CLANG_WARN_COMMA = YES;
				CLANG_WARN_CONSTANT_CONVERSION = YES;
				CLANG_WARN_DEPRECATED_OBJC_IMPLEMENTATIONS = YES;
				CLANG_WARN_DIRECT_OBJC_ISA_USAGE = YES_ERROR;
				CLANG_WARN_DOCUMENTATION_COMMENTS = YES;
				CLANG_WARN_EMPTY_BODY = YES;
				CLANG_WARN_ENUM_CONVERSION = YES;
				CLANG_WARN_INFINITE_RECURSION = YES;
				CLANG_WARN_INT_CONVERSION = YES;
				CLANG_WARN_NON_LITERAL_NULL_CONVERSION = YES;
				CLANG_WARN_OBJC_IMPLICIT_RETAIN_SELF = YES;
				CLANG_WARN_OBJC_LITERAL_CONVERSION = YES;
				CLANG_WARN_OBJC_ROOT_CLASS = YES_ERROR;
				CLANG_WARN_QUOTED_INCLUDE_IN_FRAMEWORK_HEADER = YES;
				CLANG_WARN_RANGE_LOOP_ANALYSIS = YES;
				CLANG_WARN_STRICT_PROTOTYPES = YES;
				CLANG_WARN_SUSPICIOUS_MOVE = YES;
				CLANG_WARN_UNGUARDED_AVAILABILITY = YES_AGGRESSIVE;
				CLANG_WARN_UNREACHABLE_CODE = YES;
				CLANG_WARN__DUPLICATE_METHOD_MATCH = YES;
				COPY_PHASE_STRIP = NO;
				DEBUG_INFORMATION_FORMAT = "dwarf-with-dsym";
				ENABLE_NS_ASSERTIONS = NO;
				ENABLE_STRICT_OBJC_MSGSEND = YES;
				ENABLE_USER_SCRIPT_SANDBOXING = YES;
				GCC_C_LANGUAGE_STANDARD = gnu17;
				GCC_NO_COMMON_BLOCKS = YES;
				GCC_WARN_64_TO_32_BIT_CONVERSION = YES;
				GCC_WARN_ABOUT_RETURN_TYPE = YES_ERROR;
				GCC_WARN_UNDECLARED_SELECTOR = YES;
				GCC_WARN_UNINITIALIZED_AUTOS = YES_AGGRESSIVE;
				GCC_WARN_UNUSED_FUNCTION = YES;
				GCC_WARN_UNUSED_VARIABLE = YES;
				IPHONEOS_DEPLOYMENT_TARGET = 18.1;
				LOCALIZATION_PREFERS_STRING_CATALOGS = YES;
				MTL_ENABLE_DEBUG_INFO = NO;
				MTL_FAST_MATH = YES;
				SDKROOT = iphoneos;
				SWIFT_COMPILATION_MODE = wholemodule;
				VALIDATE_PRODUCT = YES;
			};
			name = Release;
		};
		558D36E92DB02B4E00B8E8B7 /* Debug */ = {
			isa = XCBuildConfiguration;
			buildSettings = {
				ASSETCATALOG_COMPILER_APPICON_NAME = AppIcon;
				ASSETCATALOG_COMPILER_GLOBAL_ACCENT_COLOR_NAME = AccentColor;
				CODE_SIGN_STYLE = Automatic;
				CURRENT_PROJECT_VERSION = 1;
				DEVELOPMENT_ASSET_PATHS = "\"ContactsApp/Preview Content\"";
				ENABLE_PREVIEWS = YES;
				GENERATE_INFOPLIST_FILE = YES;
				INFOPLIST_KEY_UIApplicationSceneManifest_Generation = YES;
				INFOPLIST_KEY_UIApplicationSupportsIndirectInputEvents = YES;
				INFOPLIST_KEY_UILaunchScreen_Generation = YES;
				INFOPLIST_KEY_UISupportedInterfaceOrientations_iPad = "UIInterfaceOrientationPortrait UIInterfaceOrientationPortraitUpsideDown UIInterfaceOrientationLandscapeLeft UIInterfaceOrientationLandscapeRight";
				INFOPLIST_KEY_UISupportedInterfaceOrientations_iPhone = "UIInterfaceOrientationPortrait UIInterfaceOrientationLandscapeLeft UIInterfaceOrientationLandscapeRight";
				LD_RUNPATH_SEARCH_PATHS = (
					"$(inherited)",
					"@executable_path/Frameworks",
				);
				MARKETING_VERSION = 1.0;
				PRODUCT_BUNDLE_IDENTIFIER = com.nenadljubik.ContactsApp;
				PRODUCT_NAME = "$(TARGET_NAME)";
				SWIFT_EMIT_LOC_STRINGS = YES;
				SWIFT_VERSION = 5.0;
				TARGETED_DEVICE_FAMILY = "1,2";
			};
			name = Debug;
		};
		558D36EA2DB02B4E00B8E8B7 /* Release */ = {
			isa = XCBuildConfiguration;
			buildSettings = {
				ASSETCATALOG_COMPILER_APPICON_NAME = AppIcon;
				ASSETCATALOG_COMPILER_GLOBAL_ACCENT_COLOR_NAME = AccentColor;
				CODE_SIGN_STYLE = Automatic;
				CURRENT_PROJECT_VERSION = 1;
				DEVELOPMENT_ASSET_PATHS = "\"ContactsApp/Preview Content\"";
				ENABLE_PREVIEWS = YES;
				GENERATE_INFOPLIST_FILE = YES;
				INFOPLIST_KEY_UIApplicationSceneManifest_Generation = YES;
				INFOPLIST_KEY_UIApplicationSupportsIndirectInputEvents = YES;
				INFOPLIST_KEY_UILaunchScreen_Generation = YES;
				INFOPLIST_KEY_UISupportedInterfaceOrientations_iPad = "UIInterfaceOrientationPortrait UIInterfaceOrientationPortraitUpsideDown UIInterfaceOrientationLandscapeLeft UIInterfaceOrientationLandscapeRight";
				INFOPLIST_KEY_UISupportedInterfaceOrientations_iPhone = "UIInterfaceOrientationPortrait UIInterfaceOrientationLandscapeLeft UIInterfaceOrientationLandscapeRight";
				LD_RUNPATH_SEARCH_PATHS = (
					"$(inherited)",
					"@executable_path/Frameworks",
				);
				MARKETING_VERSION = 1.0;
				PRODUCT_BUNDLE_IDENTIFIER = com.nenadljubik.ContactsApp;
				PRODUCT_NAME = "$(TARGET_NAME)";
				SWIFT_EMIT_LOC_STRINGS = YES;
				SWIFT_VERSION = 5.0;
				TARGETED_DEVICE_FAMILY = "1,2";
			};
			name = Release;
		};
/* End XCBuildConfiguration section */

/* Begin XCConfigurationList section */
		558D36D02DB02B4D00B8E8B7 /* Build configuration list for PBXProject "ContactsApp" */ = {
			isa = XCConfigurationList;
			buildConfigurations = (
				558D36E62DB02B4E00B8E8B7 /* Debug */,
				558D36E72DB02B4E00B8E8B7 /* Release */,
			);
			defaultConfigurationIsVisible = 0;
			defaultConfigurationName = Release;
		};
		558D36E82DB02B4E00B8E8B7 /* Build configuration list for PBXNativeTarget "ContactsApp" */ = {
			isa = XCConfigurationList;
			buildConfigurations = (
				558D36E92DB02B4E00B8E8B7 /* Debug */,
				558D36EA2DB02B4E00B8E8B7 /* Release */,
			);
			defaultConfigurationIsVisible = 0;
			defaultConfigurationName = Release;
		};
/* End XCConfigurationList section */

/* Begin XCRemoteSwiftPackageReference section */
		55FF595A2DB0372A00E59F39 /* XCRemoteSwiftPackageReference "Kingfisher" */ = {
			isa = XCRemoteSwiftPackageReference;
			repositoryURL = "https://github.com/onevcat/Kingfisher";
			requirement = {
				kind = upToNextMajorVersion;
				minimumVersion = 8.3.2;
			};
		};
		55FF595D2DB0377E00E59F39 /* XCRemoteSwiftPackageReference "Alamofire" */ = {
			isa = XCRemoteSwiftPackageReference;
			repositoryURL = "https://github.com/Alamofire/Alamofire";
			requirement = {
				kind = upToNextMajorVersion;
				minimumVersion = 5.10.2;
			};
		};
/* End XCRemoteSwiftPackageReference section */

/* Begin XCSwiftPackageProductDependency section */
		55FF595B2DB0372A00E59F39 /* Kingfisher */ = {
			isa = XCSwiftPackageProductDependency;
			package = 55FF595A2DB0372A00E59F39 /* XCRemoteSwiftPackageReference "Kingfisher" */;
			productName = Kingfisher;
		};
		55FF595E2DB0377E00E59F39 /* Alamofire */ = {
			isa = XCSwiftPackageProductDependency;
			package = 55FF595D2DB0377E00E59F39 /* XCRemoteSwiftPackageReference "Alamofire" */;
			productName = Alamofire;
		};
/* End XCSwiftPackageProductDependency section */

/* Begin XCVersionGroup section */
		5573FB5E2DB03B0800789507 /* ContactsApp.xcdatamodeld */ = {
			isa = XCVersionGroup;
			children = (
				5573FB632DB03B0800789507 /* ContactsApp.xcdatamodel */,
			);
			currentVersion = 5573FB632DB03B0800789507 /* ContactsApp.xcdatamodel */;
			path = ContactsApp.xcdatamodeld;
			sourceTree = "<group>";
			versionGroupType = wrapper.xcdatamodel;
		};
/* End XCVersionGroup section */
	};
	rootObject = 558D36CD2DB02B4D00B8E8B7 /* Project object */;
}
